// !$*UTF8*$!
{
	archiveVersion = 1;
	classes = {
	};
	objectVersion = 50;
	objects = {

/* Begin PBXBuildFile section */
		9A446492240D33B3005D99BC /* AppDelegate.swift in Sources */ = {isa = PBXBuildFile; fileRef = 9A446491240D33B3005D99BC /* AppDelegate.swift */; };
		9A446494240D33B3005D99BC /* SceneDelegate.swift in Sources */ = {isa = PBXBuildFile; fileRef = 9A446493240D33B3005D99BC /* SceneDelegate.swift */; };
		9A446499240D33B3005D99BC /* Main.storyboard in Resources */ = {isa = PBXBuildFile; fileRef = 9A446497240D33B3005D99BC /* Main.storyboard */; };
		9A44649B240D33B7005D99BC /* Assets.xcassets in Resources */ = {isa = PBXBuildFile; fileRef = 9A44649A240D33B7005D99BC /* Assets.xcassets */; };
		9A44649E240D33B7005D99BC /* LaunchScreen.storyboard in Resources */ = {isa = PBXBuildFile; fileRef = 9A44649C240D33B7005D99BC /* LaunchScreen.storyboard */; };
		9A4464A6240D3428005D99BC /* TestTableViewController.swift in Sources */ = {isa = PBXBuildFile; fileRef = 9A4464A5240D3428005D99BC /* TestTableViewController.swift */; };
		9A4464A8240D387B005D99BC /* TestTableViewCell.swift in Sources */ = {isa = PBXBuildFile; fileRef = 9A4464A7240D387B005D99BC /* TestTableViewCell.swift */; };
		9A4464AA240D3E8B005D99BC /* TestViewController.swift in Sources */ = {isa = PBXBuildFile; fileRef = 9A4464A9240D3E8B005D99BC /* TestViewController.swift */; };
/* End PBXBuildFile section */

/* Begin PBXFileReference section */
		9A44648E240D33B3005D99BC /* tableView-lesson.app */ = {isa = PBXFileReference; explicitFileType = wrapper.application; includeInIndex = 0; path = "tableView-lesson.app"; sourceTree = BUILT_PRODUCTS_DIR; };
		9A446491240D33B3005D99BC /* AppDelegate.swift */ = {isa = PBXFileReference; lastKnownFileType = sourcecode.swift; path = AppDelegate.swift; sourceTree = "<group>"; };
		9A446493240D33B3005D99BC /* SceneDelegate.swift */ = {isa = PBXFileReference; lastKnownFileType = sourcecode.swift; path = SceneDelegate.swift; sourceTree = "<group>"; };
		9A446498240D33B3005D99BC /* Base */ = {isa = PBXFileReference; lastKnownFileType = file.storyboard; name = Base; path = Base.lproj/Main.storyboard; sourceTree = "<group>"; };
		9A44649A240D33B7005D99BC /* Assets.xcassets */ = {isa = PBXFileReference; lastKnownFileType = folder.assetcatalog; path = Assets.xcassets; sourceTree = "<group>"; };
		9A44649D240D33B7005D99BC /* Base */ = {isa = PBXFileReference; lastKnownFileType = file.storyboard; name = Base; path = Base.lproj/LaunchScreen.storyboard; sourceTree = "<group>"; };
		9A44649F240D33B7005D99BC /* Info.plist */ = {isa = PBXFileReference; lastKnownFileType = text.plist.xml; path = Info.plist; sourceTree = "<group>"; };
		9A4464A5240D3428005D99BC /* TestTableViewController.swift */ = {isa = PBXFileReference; lastKnownFileType = sourcecode.swift; path = TestTableViewController.swift; sourceTree = "<group>"; };
		9A4464A7240D387B005D99BC /* TestTableViewCell.swift */ = {isa = PBXFileReference; lastKnownFileType = sourcecode.swift; path = TestTableViewCell.swift; sourceTree = "<group>"; };
		9A4464A9240D3E8B005D99BC /* TestViewController.swift */ = {isa = PBXFileReference; lastKnownFileType = sourcecode.swift; path = TestViewController.swift; sourceTree = "<group>"; };
/* End PBXFileReference section */

/* Begin PBXFrameworksBuildPhase section */
		9A44648B240D33B3005D99BC /* Frameworks */ = {
			isa = PBXFrameworksBuildPhase;
			buildActionMask = 2147483647;
			files = (
			);
			runOnlyForDeploymentPostprocessing = 0;
		};
/* End PBXFrameworksBuildPhase section */

/* Begin PBXGroup section */
		9A446485240D33B3005D99BC = {
			isa = PBXGroup;
			children = (
				9A446490240D33B3005D99BC /* tableView-lesson */,
				9A44648F240D33B3005D99BC /* Products */,
			);
			sourceTree = "<group>";
		};
		9A44648F240D33B3005D99BC /* Products */ = {
			isa = PBXGroup;
			children = (
				9A44648E240D33B3005D99BC /* tableView-lesson.app */,
			);
			name = Products;
			sourceTree = "<group>";
		};
		9A446490240D33B3005D99BC /* tableView-lesson */ = {
			isa = PBXGroup;
			children = (
				9A446491240D33B3005D99BC /* AppDelegate.swift */,
				9A446493240D33B3005D99BC /* SceneDelegate.swift */,
				9A4464A7240D387B005D99BC /* TestTableViewCell.swift */,
				9A4464A5240D3428005D99BC /* TestTableViewController.swift */,
				9A446497240D33B3005D99BC /* Main.storyboard */,
				9A4464A9240D3E8B005D99BC /* TestViewController.swift */,
				9A44649A240D33B7005D99BC /* Assets.xcassets */,
				9A44649C240D33B7005D99BC /* LaunchScreen.storyboard */,
				9A44649F240D33B7005D99BC /* Info.plist */,
			);
			path = "tableView-lesson";
			sourceTree = "<group>";
		};
/* End PBXGroup section */

/* Begin PBXNativeTarget section */
		9A44648D240D33B3005D99BC /* tableView-lesson */ = {
			isa = PBXNativeTarget;
			buildConfigurationList = 9A4464A2240D33B7005D99BC /* Build configuration list for PBXNativeTarget "tableView-lesson" */;
			buildPhases = (
				9A44648A240D33B3005D99BC /* Sources */,
				9A44648B240D33B3005D99BC /* Frameworks */,
				9A44648C240D33B3005D99BC /* Resources */,
			);
			buildRules = (
			);
			dependencies = (
			);
			name = "tableView-lesson";
			productName = "tableView-lesson";
			productReference = 9A44648E240D33B3005D99BC /* tableView-lesson.app */;
			productType = "com.apple.product-type.application";
		};
/* End PBXNativeTarget section */

/* Begin PBXProject section */
		9A446486240D33B3005D99BC /* Project object */ = {
			isa = PBXProject;
			attributes = {
				LastSwiftUpdateCheck = 1130;
				LastUpgradeCheck = 1130;
				ORGANIZATIONNAME = "Alex Mosunov";
				TargetAttributes = {
					9A44648D240D33B3005D99BC = {
						CreatedOnToolsVersion = 11.3.1;
					};
				};
			};
			buildConfigurationList = 9A446489240D33B3005D99BC /* Build configuration list for PBXProject "tableView-lesson" */;
			compatibilityVersion = "Xcode 9.3";
			developmentRegion = en;
			hasScannedForEncodings = 0;
			knownRegions = (
				en,
				Base,
			);
			mainGroup = 9A446485240D33B3005D99BC;
			productRefGroup = 9A44648F240D33B3005D99BC /* Products */;
			projectDirPath = "";
			projectRoot = "";
			targets = (
				9A44648D240D33B3005D99BC /* tableView-lesson */,
			);
		};
/* End PBXProject section */

/* Begin PBXResourcesBuildPhase section */
		9A44648C240D33B3005D99BC /* Resources */ = {
			isa = PBXResourcesBuildPhase;
			buildActionMask = 2147483647;
			files = (
				9A44649E240D33B7005D99BC /* LaunchScreen.storyboard in Resources */,
				9A44649B240D33B7005D99BC /* Assets.xcassets in Resources */,
				9A446499240D33B3005D99BC /* Main.storyboard in Resources */,
			);
			runOnlyForDeploymentPostprocessing = 0;
		};
/* End PBXResourcesBuildPhase section */

/* Begin PBXSourcesBuildPhase section */
		9A44648A240D33B3005D99BC /* Sources */ = {
			isa = PBXSourcesBuildPhase;
			buildActionMask = 2147483647;
			files = (
				9A4464AA240D3E8B005D99BC /* TestViewController.swift in Sources */,
				9A446492240D33B3005D99BC /* AppDelegate.swift in Sources */,
				9A4464A8240D387B005D99BC /* TestTableViewCell.swift in Sources */,
				9A446494240D33B3005D99BC /* SceneDelegate.swift in Sources */,
				9A4464A6240D3428005D99BC /* TestTableViewController.swift in Sources */,
			);
			runOnlyForDeploymentPostprocessing = 0;
		};
/* End PBXSourcesBuildPhase section */

/* Begin PBXVariantGroup section */
		9A446497240D33B3005D99BC /* Main.storyboard */ = {
			isa = PBXVariantGroup;
			children = (
				9A446498240D33B3005D99BC /* Base */,
			);
			name = Main.storyboard;
			sourceTree = "<group>";
		};
		9A44649C240D33B7005D99BC /* LaunchScreen.storyboard */ = {
			isa = PBXVariantGroup;
			children = (
				9A44649D240D33B7005D99BC /* Base */,
			);
			name = LaunchScreen.storyboard;
			sourceTree = "<group>";
		};
/* End PBXVariantGroup section */

/* Begin XCBuildConfiguration section */
		9A4464A0240D33B7005D99BC /* Debug */ = {
			isa = XCBuildConfiguration;
			buildSettings = {
				ALWAYS_SEARCH_USER_PATHS = NO;
				CLANG_ANALYZER_NONNULL = YES;
				CLANG_ANALYZER_NUMBER_OBJECT_CONVERSION = YES_AGGRESSIVE;
				CLANG_CXX_LANGUAGE_STANDARD = "gnu++14";
				CLANG_CXX_LIBRARY = "libc++";
				CLANG_ENABLE_MODULES = YES;
				CLANG_ENABLE_OBJC_ARC = YES;
				CLANG_ENABLE_OBJC_WEAK = YES;
				CLANG_WARN_BLOCK_CAPTURE_AUTORELEASING = YES;
				CLANG_WARN_BOOL_CONVERSION = YES;
				CLANG_WARN_COMMA = YES;
				CLANG_WARN_CONSTANT_CONVERSION = YES;
				CLANG_WARN_DEPRECATED_OBJC_IMPLEMENTATIONS = YES;
				CLANG_WARN_DIRECT_OBJC_ISA_USAGE = YES_ERROR;
				CLANG_WARN_DOCUMENTATION_COMMENTS = YES;
				CLANG_WARN_EMPTY_BODY = YES;
				CLANG_WARN_ENUM_CONVERSION = YES;
				CLANG_WARN_INFINITE_RECURSION = YES;
				CLANG_WARN_INT_CONVERSION = YES;
				CLANG_WARN_NON_LITERAL_NULL_CONVERSION = YES;
				CLANG_WARN_OBJC_IMPLICIT_RETAIN_SELF = YES;
				CLANG_WARN_OBJC_LITERAL_CONVERSION = YES;
				CLANG_WARN_OBJC_ROOT_CLASS = YES_ERROR;
				CLANG_WARN_RANGE_LOOP_ANALYSIS = YES;
				CLANG_WARN_STRICT_PROTOTYPES = YES;
				CLANG_WARN_SUSPICIOUS_MOVE = YES;
				CLANG_WARN_UNGUARDED_AVAILABILITY = YES_AGGRESSIVE;
				CLANG_WARN_UNREACHABLE_CODE = YES;
				CLANG_WARN__DUPLICATE_METHOD_MATCH = YES;
				COPY_PHASE_STRIP = NO;
				DEBUG_INFORMATION_FORMAT = dwarf;
				ENABLE_STRICT_OBJC_MSGSEND = YES;
				ENABLE_TESTABILITY = YES;
				GCC_C_LANGUAGE_STANDARD = gnu11;
				GCC_DYNAMIC_NO_PIC = NO;
				GCC_NO_COMMON_BLOCKS = YES;
				GCC_OPTIMIZATION_LEVEL = 0;
				GCC_PREPROCESSOR_DEFINITIONS = (
					"DEBUG=1",
					"$(inherited)",
				);
				GCC_WARN_64_TO_32_BIT_CONVERSION = YES;
				GCC_WARN_ABOUT_RETURN_TYPE = YES_ERROR;
				GCC_WARN_UNDECLARED_SELECTOR = YES;
				GCC_WARN_UNINITIALIZED_AUTOS = YES_AGGRESSIVE;
				GCC_WARN_UNUSED_FUNCTION = YES;
				GCC_WARN_UNUSED_VARIABLE = YES;
				IPHONEOS_DEPLOYMENT_TARGET = 13.2;
				MTL_ENABLE_DEBUG_INFO = INCLUDE_SOURCE;
				MTL_FAST_MATH = YES;
				ONLY_ACTIVE_ARCH = YES;
				SDKROOT = iphoneos;
				SWIFT_ACTIVE_COMPILATION_CONDITIONS = DEBUG;
				SWIFT_OPTIMIZATION_LEVEL = "-Onone";
			};
			name = Debug;
		};
		9A4464A1240D33B7005D99BC /* Release */ = {
			isa = XCBuildConfiguration;
			buildSettings = {
				ALWAYS_SEARCH_USER_PATHS = NO;
				CLANG_ANALYZER_NONNULL = YES;
				CLANG_ANALYZER_NUMBER_OBJECT_CONVERSION = YES_AGGRESSIVE;
				CLANG_CXX_LANGUAGE_STANDARD = "gnu++14";
				CLANG_CXX_LIBRARY = "libc++";
				CLANG_ENABLE_MODULES = YES;
				CLANG_ENABLE_OBJC_ARC = YES;
				CLANG_ENABLE_OBJC_WEAK = YES;
				CLANG_WARN_BLOCK_CAPTURE_AUTORELEASING = YES;
				CLANG_WARN_BOOL_CONVERSION = YES;
				CLANG_WARN_COMMA = YES;
				CLANG_WARN_CONSTANT_CONVERSION = YES;
				CLANG_WARN_DEPRECATED_OBJC_IMPLEMENTATIONS = YES;
				CLANG_WARN_DIRECT_OBJC_ISA_USAGE = YES_ERROR;
				CLANG_WARN_DOCUMENTATION_COMMENTS = YES;
				CLANG_WARN_EMPTY_BODY = YES;
				CLANG_WARN_ENUM_CONVERSION = YES;
				CLANG_WARN_INFINITE_RECURSION = YES;
				CLANG_WARN_INT_CONVERSION = YES;
				CLANG_WARN_NON_LITERAL_NULL_CONVERSION = YES;
				CLANG_WARN_OBJC_IMPLICIT_RETAIN_SELF = YES;
				CLANG_WARN_OBJC_LITERAL_CONVERSION = YES;
				CLANG_WARN_OBJC_ROOT_CLASS = YES_ERROR;
				CLANG_WARN_RANGE_LOOP_ANALYSIS = YES;
				CLANG_WARN_STRICT_PROTOTYPES = YES;
				CLANG_WARN_SUSPICIOUS_MOVE = YES;
				CLANG_WARN_UNGUARDED_AVAILABILITY = YES_AGGRESSIVE;
				CLANG_WARN_UNREACHABLE_CODE = YES;
				CLANG_WARN__DUPLICATE_METHOD_MATCH = YES;
				COPY_PHASE_STRIP = NO;
				DEBUG_INFORMATION_FORMAT = "dwarf-with-dsym";
				ENABLE_NS_ASSERTIONS = NO;
				ENABLE_STRICT_OBJC_MSGSEND = YES;
				GCC_C_LANGUAGE_STANDARD = gnu11;
				GCC_NO_COMMON_BLOCKS = YES;
				GCC_WARN_64_TO_32_BIT_CONVERSION = YES;
				GCC_WARN_ABOUT_RETURN_TYPE = YES_ERROR;
				GCC_WARN_UNDECLARED_SELECTOR = YES;
				GCC_WARN_UNINITIALIZED_AUTOS = YES_AGGRESSIVE;
				GCC_WARN_UNUSED_FUNCTION = YES;
				GCC_WARN_UNUSED_VARIABLE = YES;
				IPHONEOS_DEPLOYMENT_TARGET = 13.2;
				MTL_ENABLE_DEBUG_INFO = NO;
				MTL_FAST_MATH = YES;
				SDKROOT = iphoneos;
				SWIFT_COMPILATION_MODE = wholemodule;
				SWIFT_OPTIMIZATION_LEVEL = "-O";
				VALIDATE_PRODUCT = YES;
			};
			name = Release;
		};
		9A4464A3240D33B7005D99BC /* Debug */ = {
			isa = XCBuildConfiguration;
			buildSettings = {
				ASSETCATALOG_COMPILER_APPICON_NAME = AppIcon;
				CODE_SIGN_STYLE = Automatic;
				DEVELOPMENT_TEAM = QU2XBTHQ37;
				INFOPLIST_FILE = "tableView-lesson/Info.plist";
				LD_RUNPATH_SEARCH_PATHS = (
					"$(inherited)",
					"@executable_path/Frameworks",
				);
				PRODUCT_BUNDLE_IDENTIFIER = "com.alexmosunov.tableView-lesson";
				PRODUCT_NAME = "$(TARGET_NAME)";
				SWIFT_VERSION = 5.0;
				TARGETED_DEVICE_FAMILY = "1,2";
			};
			name = Debug;
		};
		9A4464A4240D33B7005D99BC /* Release */ = {
			isa = XCBuildConfiguration;
			buildSettings = {
				ASSETCATALOG_COMPILER_APPICON_NAME = AppIcon;
				CODE_SIGN_STYLE = Automatic;
				DEVELOPMENT_TEAM = QU2XBTHQ37;
				INFOPLIST_FILE = "tableView-lesson/Info.plist";
				LD_RUNPATH_SEARCH_PATHS = (
					"$(inherited)",
					"@executable_path/Frameworks",
				);
				PRODUCT_BUNDLE_IDENTIFIER = "com.alexmosunov.tableView-lesson";
				PRODUCT_NAME = "$(TARGET_NAME)";
				SWIFT_VERSION = 5.0;
				TARGETED_DEVICE_FAMILY = "1,2";
			};
			name = Release;
		};
/* End XCBuildConfiguration section */

/* Begin XCConfigurationList section */
		9A446489240D33B3005D99BC /* Build configuration list for PBXProject "tableView-lesson" */ = {
			isa = XCConfigurationList;
			buildConfigurations = (
				9A4464A0240D33B7005D99BC /* Debug */,
				9A4464A1240D33B7005D99BC /* Release */,
			);
			defaultConfigurationIsVisible = 0;
			defaultConfigurationName = Release;
		};
		9A4464A2240D33B7005D99BC /* Build configuration list for PBXNativeTarget "tableView-lesson" */ = {
			isa = XCConfigurationList;
			buildConfigurations = (
				9A4464A3240D33B7005D99BC /* Debug */,
				9A4464A4240D33B7005D99BC /* Release */,
			);
			defaultConfigurationIsVisible = 0;
			defaultConfigurationName = Release;
		};
/* End XCConfigurationList section */
	};
	rootObject = 9A446486240D33B3005D99BC /* Project object */;
}
