// !$*UTF8*$!
{
	archiveVersion = 1;
	classes = {
	};
	objectVersion = 50;
	objects = {

/* Begin PBXBuildFile section */
		9AB7EA8C24101BE000BD7764 /* PageViewController.swift in Sources */ = {isa = PBXBuildFile; fileRef = 9AB7EA8B24101BE000BD7764 /* PageViewController.swift */; };
		9AB7EA9424102E6A00BD7764 /* ViewController1.swift in Sources */ = {isa = PBXBuildFile; fileRef = 9AB7EA9324102E6A00BD7764 /* ViewController1.swift */; };
		9AB7EA9624102E9B00BD7764 /* ViewController2.swift in Sources */ = {isa = PBXBuildFile; fileRef = 9AB7EA9524102E9B00BD7764 /* ViewController2.swift */; };
		9AB7EA9824102EA600BD7764 /* ViewController3.swift in Sources */ = {isa = PBXBuildFile; fileRef = 9AB7EA9724102EA600BD7764 /* ViewController3.swift */; };
		9AB7EA9A24102F8000BD7764 /* AlertViewController.swift in Sources */ = {isa = PBXBuildFile; fileRef = 9AB7EA9924102F8000BD7764 /* AlertViewController.swift */; };
		9AE16965240FFE3500466330 /* AppDelegate.swift in Sources */ = {isa = PBXBuildFile; fileRef = 9AE16964240FFE3500466330 /* AppDelegate.swift */; };
		9AE1696C240FFE3500466330 /* Main.storyboard in Resources */ = {isa = PBXBuildFile; fileRef = 9AE1696A240FFE3500466330 /* Main.storyboard */; };
		9AE1696E240FFE3700466330 /* Assets.xcassets in Resources */ = {isa = PBXBuildFile; fileRef = 9AE1696D240FFE3700466330 /* Assets.xcassets */; };
		9AE16971240FFE3700466330 /* LaunchScreen.storyboard in Resources */ = {isa = PBXBuildFile; fileRef = 9AE1696F240FFE3700466330 /* LaunchScreen.storyboard */; };
/* End PBXBuildFile section */

/* Begin PBXFileReference section */
		9AB7EA8B24101BE000BD7764 /* PageViewController.swift */ = {isa = PBXFileReference; lastKnownFileType = sourcecode.swift; path = PageViewController.swift; sourceTree = "<group>"; };
		9AB7EA9324102E6A00BD7764 /* ViewController1.swift */ = {isa = PBXFileReference; lastKnownFileType = sourcecode.swift; path = ViewController1.swift; sourceTree = "<group>"; };
		9AB7EA9524102E9B00BD7764 /* ViewController2.swift */ = {isa = PBXFileReference; lastKnownFileType = sourcecode.swift; path = ViewController2.swift; sourceTree = "<group>"; };
		9AB7EA9724102EA600BD7764 /* ViewController3.swift */ = {isa = PBXFileReference; lastKnownFileType = sourcecode.swift; path = ViewController3.swift; sourceTree = "<group>"; };
		9AB7EA9924102F8000BD7764 /* AlertViewController.swift */ = {isa = PBXFileReference; lastKnownFileType = sourcecode.swift; path = AlertViewController.swift; sourceTree = "<group>"; };
		9AE16961240FFE3500466330 /* Navigation-practice.app */ = {isa = PBXFileReference; explicitFileType = wrapper.application; includeInIndex = 0; path = "Navigation-practice.app"; sourceTree = BUILT_PRODUCTS_DIR; };
		9AE16964240FFE3500466330 /* AppDelegate.swift */ = {isa = PBXFileReference; lastKnownFileType = sourcecode.swift; path = AppDelegate.swift; sourceTree = "<group>"; };
		9AE1696B240FFE3500466330 /* Base */ = {isa = PBXFileReference; lastKnownFileType = file.storyboard; name = Base; path = Base.lproj/Main.storyboard; sourceTree = "<group>"; };
		9AE1696D240FFE3700466330 /* Assets.xcassets */ = {isa = PBXFileReference; lastKnownFileType = folder.assetcatalog; path = Assets.xcassets; sourceTree = "<group>"; };
		9AE16970240FFE3700466330 /* Base */ = {isa = PBXFileReference; lastKnownFileType = file.storyboard; name = Base; path = Base.lproj/LaunchScreen.storyboard; sourceTree = "<group>"; };
		9AE16972240FFE3700466330 /* Info.plist */ = {isa = PBXFileReference; lastKnownFileType = text.plist.xml; path = Info.plist; sourceTree = "<group>"; };
/* End PBXFileReference section */

/* Begin PBXFrameworksBuildPhase section */
		9AE1695E240FFE3500466330 /* Frameworks */ = {
			isa = PBXFrameworksBuildPhase;
			buildActionMask = 2147483647;
			files = (
			);
			runOnlyForDeploymentPostprocessing = 0;
		};
/* End PBXFrameworksBuildPhase section */

/* Begin PBXGroup section */
		9AE16958240FFE3500466330 = {
			isa = PBXGroup;
			children = (
				9AE16963240FFE3500466330 /* Navigation-practice */,
				9AE16962240FFE3500466330 /* Products */,
			);
			sourceTree = "<group>";
		};
		9AE16962240FFE3500466330 /* Products */ = {
			isa = PBXGroup;
			children = (
				9AE16961240FFE3500466330 /* Navigation-practice.app */,
			);
			name = Products;
			sourceTree = "<group>";
		};
		9AE16963240FFE3500466330 /* Navigation-practice */ = {
			isa = PBXGroup;
			children = (
				9AE16964240FFE3500466330 /* AppDelegate.swift */,
				9AB7EA8B24101BE000BD7764 /* PageViewController.swift */,
				9AB7EA9924102F8000BD7764 /* AlertViewController.swift */,
				9AB7EA9724102EA600BD7764 /* ViewController3.swift */,
				9AB7EA9524102E9B00BD7764 /* ViewController2.swift */,
				9AB7EA9324102E6A00BD7764 /* ViewController1.swift */,
				9AE1696A240FFE3500466330 /* Main.storyboard */,
				9AE1696D240FFE3700466330 /* Assets.xcassets */,
				9AE1696F240FFE3700466330 /* LaunchScreen.storyboard */,
				9AE16972240FFE3700466330 /* Info.plist */,
			);
			path = "Navigation-practice";
			sourceTree = "<group>";
		};
/* End PBXGroup section */

/* Begin PBXNativeTarget section */
		9AE16960240FFE3500466330 /* Navigation-practice */ = {
			isa = PBXNativeTarget;
			buildConfigurationList = 9AE16975240FFE3700466330 /* Build configuration list for PBXNativeTarget "Navigation-practice" */;
			buildPhases = (
				9AE1695D240FFE3500466330 /* Sources */,
				9AE1695E240FFE3500466330 /* Frameworks */,
				9AE1695F240FFE3500466330 /* Resources */,
			);
			buildRules = (
			);
			dependencies = (
			);
			name = "Navigation-practice";
			productName = "Navigation-practice";
			productReference = 9AE16961240FFE3500466330 /* Navigation-practice.app */;
			productType = "com.apple.product-type.application";
		};
/* End PBXNativeTarget section */

/* Begin PBXProject section */
		9AE16959240FFE3500466330 /* Project object */ = {
			isa = PBXProject;
			attributes = {
				LastSwiftUpdateCheck = 1130;
				LastUpgradeCheck = 1130;
				ORGANIZATIONNAME = "Alex Mosunov";
				TargetAttributes = {
					9AE16960240FFE3500466330 = {
						CreatedOnToolsVersion = 11.3.1;
					};
				};
			};
			buildConfigurationList = 9AE1695C240FFE3500466330 /* Build configuration list for PBXProject "Navigation-practice" */;
			compatibilityVersion = "Xcode 9.3";
			developmentRegion = en;
			hasScannedForEncodings = 0;
			knownRegions = (
				en,
				Base,
			);
			mainGroup = 9AE16958240FFE3500466330;
			productRefGroup = 9AE16962240FFE3500466330 /* Products */;
			projectDirPath = "";
			projectRoot = "";
			targets = (
				9AE16960240FFE3500466330 /* Navigation-practice */,
			);
		};
/* End PBXProject section */

/* Begin PBXResourcesBuildPhase section */
		9AE1695F240FFE3500466330 /* Resources */ = {
			isa = PBXResourcesBuildPhase;
			buildActionMask = 2147483647;
			files = (
				9AE16971240FFE3700466330 /* LaunchScreen.storyboard in Resources */,
				9AE1696E240FFE3700466330 /* Assets.xcassets in Resources */,
				9AE1696C240FFE3500466330 /* Main.storyboard in Resources */,
			);
			runOnlyForDeploymentPostprocessing = 0;
		};
/* End PBXResourcesBuildPhase section */

/* Begin PBXSourcesBuildPhase section */
		9AE1695D240FFE3500466330 /* Sources */ = {
			isa = PBXSourcesBuildPhase;
			buildActionMask = 2147483647;
			files = (
				9AB7EA9624102E9B00BD7764 /* ViewController2.swift in Sources */,
				9AB7EA9A24102F8000BD7764 /* AlertViewController.swift in Sources */,
				9AB7EA9424102E6A00BD7764 /* ViewController1.swift in Sources */,
				9AB7EA9824102EA600BD7764 /* ViewController3.swift in Sources */,
				9AB7EA8C24101BE000BD7764 /* PageViewController.swift in Sources */,
				9AE16965240FFE3500466330 /* AppDelegate.swift in Sources */,
			);
			runOnlyForDeploymentPostprocessing = 0;
		};
/* End PBXSourcesBuildPhase section */

/* Begin PBXVariantGroup section */
		9AE1696A240FFE3500466330 /* Main.storyboard */ = {
			isa = PBXVariantGroup;
			children = (
				9AE1696B240FFE3500466330 /* Base */,
			);
			name = Main.storyboard;
			sourceTree = "<group>";
		};
		9AE1696F240FFE3700466330 /* LaunchScreen.storyboard */ = {
			isa = PBXVariantGroup;
			children = (
				9AE16970240FFE3700466330 /* Base */,
			);
			name = LaunchScreen.storyboard;
			sourceTree = "<group>";
		};
/* End PBXVariantGroup section */

/* Begin XCBuildConfiguration section */
		9AE16973240FFE3700466330 /* Debug */ = {
			isa = XCBuildConfiguration;
			buildSettings = {
				ALWAYS_SEARCH_USER_PATHS = NO;
				CLANG_ANALYZER_NONNULL = YES;
				CLANG_ANALYZER_NUMBER_OBJECT_CONVERSION = YES_AGGRESSIVE;
				CLANG_CXX_LANGUAGE_STANDARD = "gnu++14";
				CLANG_CXX_LIBRARY = "libc++";
				CLANG_ENABLE_MODULES = YES;
				CLANG_ENABLE_OBJC_ARC = YES;
				CLANG_ENABLE_OBJC_WEAK = YES;
				CLANG_WARN_BLOCK_CAPTURE_AUTORELEASING = YES;
				CLANG_WARN_BOOL_CONVERSION = YES;
				CLANG_WARN_COMMA = YES;
				CLANG_WARN_CONSTANT_CONVERSION = YES;
				CLANG_WARN_DEPRECATED_OBJC_IMPLEMENTATIONS = YES;
				CLANG_WARN_DIRECT_OBJC_ISA_USAGE = YES_ERROR;
				CLANG_WARN_DOCUMENTATION_COMMENTS = YES;
				CLANG_WARN_EMPTY_BODY = YES;
				CLANG_WARN_ENUM_CONVERSION = YES;
				CLANG_WARN_INFINITE_RECURSION = YES;
				CLANG_WARN_INT_CONVERSION = YES;
				CLANG_WARN_NON_LITERAL_NULL_CONVERSION = YES;
				CLANG_WARN_OBJC_IMPLICIT_RETAIN_SELF = YES;
				CLANG_WARN_OBJC_LITERAL_CONVERSION = YES;
				CLANG_WARN_OBJC_ROOT_CLASS = YES_ERROR;
				CLANG_WARN_RANGE_LOOP_ANALYSIS = YES;
				CLANG_WARN_STRICT_PROTOTYPES = YES;
				CLANG_WARN_SUSPICIOUS_MOVE = YES;
				CLANG_WARN_UNGUARDED_AVAILABILITY = YES_AGGRESSIVE;
				CLANG_WARN_UNREACHABLE_CODE = YES;
				CLANG_WARN__DUPLICATE_METHOD_MATCH = YES;
				COPY_PHASE_STRIP = NO;
				DEBUG_INFORMATION_FORMAT = dwarf;
				ENABLE_STRICT_OBJC_MSGSEND = YES;
				ENABLE_TESTABILITY = YES;
				GCC_C_LANGUAGE_STANDARD = gnu11;
				GCC_DYNAMIC_NO_PIC = NO;
				GCC_NO_COMMON_BLOCKS = YES;
				GCC_OPTIMIZATION_LEVEL = 0;
				GCC_PREPROCESSOR_DEFINITIONS = (
					"DEBUG=1",
					"$(inherited)",
				);
				GCC_WARN_64_TO_32_BIT_CONVERSION = YES;
				GCC_WARN_ABOUT_RETURN_TYPE = YES_ERROR;
				GCC_WARN_UNDECLARED_SELECTOR = YES;
				GCC_WARN_UNINITIALIZED_AUTOS = YES_AGGRESSIVE;
				GCC_WARN_UNUSED_FUNCTION = YES;
				GCC_WARN_UNUSED_VARIABLE = YES;
				IPHONEOS_DEPLOYMENT_TARGET = 13.2;
				MTL_ENABLE_DEBUG_INFO = INCLUDE_SOURCE;
				MTL_FAST_MATH = YES;
				ONLY_ACTIVE_ARCH = YES;
				SDKROOT = iphoneos;
				SWIFT_ACTIVE_COMPILATION_CONDITIONS = DEBUG;
				SWIFT_OPTIMIZATION_LEVEL = "-Onone";
			};
			name = Debug;
		};
		9AE16974240FFE3700466330 /* Release */ = {
			isa = XCBuildConfiguration;
			buildSettings = {
				ALWAYS_SEARCH_USER_PATHS = NO;
				CLANG_ANALYZER_NONNULL = YES;
				CLANG_ANALYZER_NUMBER_OBJECT_CONVERSION = YES_AGGRESSIVE;
				CLANG_CXX_LANGUAGE_STANDARD = "gnu++14";
				CLANG_CXX_LIBRARY = "libc++";
				CLANG_ENABLE_MODULES = YES;
				CLANG_ENABLE_OBJC_ARC = YES;
				CLANG_ENABLE_OBJC_WEAK = YES;
				CLANG_WARN_BLOCK_CAPTURE_AUTORELEASING = YES;
				CLANG_WARN_BOOL_CONVERSION = YES;
				CLANG_WARN_COMMA = YES;
				CLANG_WARN_CONSTANT_CONVERSION = YES;
				CLANG_WARN_DEPRECATED_OBJC_IMPLEMENTATIONS = YES;
				CLANG_WARN_DIRECT_OBJC_ISA_USAGE = YES_ERROR;
				CLANG_WARN_DOCUMENTATION_COMMENTS = YES;
				CLANG_WARN_EMPTY_BODY = YES;
				CLANG_WARN_ENUM_CONVERSION = YES;
				CLANG_WARN_INFINITE_RECURSION = YES;
				CLANG_WARN_INT_CONVERSION = YES;
				CLANG_WARN_NON_LITERAL_NULL_CONVERSION = YES;
				CLANG_WARN_OBJC_IMPLICIT_RETAIN_SELF = YES;
				CLANG_WARN_OBJC_LITERAL_CONVERSION = YES;
				CLANG_WARN_OBJC_ROOT_CLASS = YES_ERROR;
				CLANG_WARN_RANGE_LOOP_ANALYSIS = YES;
				CLANG_WARN_STRICT_PROTOTYPES = YES;
				CLANG_WARN_SUSPICIOUS_MOVE = YES;
				CLANG_WARN_UNGUARDED_AVAILABILITY = YES_AGGRESSIVE;
				CLANG_WARN_UNREACHABLE_CODE = YES;
				CLANG_WARN__DUPLICATE_METHOD_MATCH = YES;
				COPY_PHASE_STRIP = NO;
				DEBUG_INFORMATION_FORMAT = "dwarf-with-dsym";
				ENABLE_NS_ASSERTIONS = NO;
				ENABLE_STRICT_OBJC_MSGSEND = YES;
				GCC_C_LANGUAGE_STANDARD = gnu11;
				GCC_NO_COMMON_BLOCKS = YES;
				GCC_WARN_64_TO_32_BIT_CONVERSION = YES;
				GCC_WARN_ABOUT_RETURN_TYPE = YES_ERROR;
				GCC_WARN_UNDECLARED_SELECTOR = YES;
				GCC_WARN_UNINITIALIZED_AUTOS = YES_AGGRESSIVE;
				GCC_WARN_UNUSED_FUNCTION = YES;
				GCC_WARN_UNUSED_VARIABLE = YES;
				IPHONEOS_DEPLOYMENT_TARGET = 13.2;
				MTL_ENABLE_DEBUG_INFO = NO;
				MTL_FAST_MATH = YES;
				SDKROOT = iphoneos;
				SWIFT_COMPILATION_MODE = wholemodule;
				SWIFT_OPTIMIZATION_LEVEL = "-O";
				VALIDATE_PRODUCT = YES;
			};
			name = Release;
		};
		9AE16976240FFE3700466330 /* Debug */ = {
			isa = XCBuildConfiguration;
			buildSettings = {
				ASSETCATALOG_COMPILER_APPICON_NAME = AppIcon;
				CODE_SIGN_STYLE = Automatic;
				DEVELOPMENT_TEAM = QU2XBTHQ37;
				INFOPLIST_FILE = "Navigation-practice/Info.plist";
				LD_RUNPATH_SEARCH_PATHS = (
					"$(inherited)",
					"@executable_path/Frameworks",
				);
				PRODUCT_BUNDLE_IDENTIFIER = "com.alexmosunov.Navigation-practice";
				PRODUCT_NAME = "$(TARGET_NAME)";
				SWIFT_VERSION = 5.0;
				TARGETED_DEVICE_FAMILY = "1,2";
			};
			name = Debug;
		};
		9AE16977240FFE3700466330 /* Release */ = {
			isa = XCBuildConfiguration;
			buildSettings = {
				ASSETCATALOG_COMPILER_APPICON_NAME = AppIcon;
				CODE_SIGN_STYLE = Automatic;
				DEVELOPMENT_TEAM = QU2XBTHQ37;
				INFOPLIST_FILE = "Navigation-practice/Info.plist";
				LD_RUNPATH_SEARCH_PATHS = (
					"$(inherited)",
					"@executable_path/Frameworks",
				);
				PRODUCT_BUNDLE_IDENTIFIER = "com.alexmosunov.Navigation-practice";
				PRODUCT_NAME = "$(TARGET_NAME)";
				SWIFT_VERSION = 5.0;
				TARGETED_DEVICE_FAMILY = "1,2";
			};
			name = Release;
		};
/* End XCBuildConfiguration section */

/* Begin XCConfigurationList section */
		9AE1695C240FFE3500466330 /* Build configuration list for PBXProject "Navigation-practice" */ = {
			isa = XCConfigurationList;
			buildConfigurations = (
				9AE16973240FFE3700466330 /* Debug */,
				9AE16974240FFE3700466330 /* Release */,
			);
			defaultConfigurationIsVisible = 0;
			defaultConfigurationName = Release;
		};
		9AE16975240FFE3700466330 /* Build configuration list for PBXNativeTarget "Navigation-practice" */ = {
			isa = XCConfigurationList;
			buildConfigurations = (
				9AE16976240FFE3700466330 /* Debug */,
				9AE16977240FFE3700466330 /* Release */,
			);
			defaultConfigurationIsVisible = 0;
			defaultConfigurationName = Release;
		};
/* End XCConfigurationList section */
	};
	rootObject = 9AE16959240FFE3500466330 /* Project object */;
}
